# First module block (m01-m07) — every media-manifest row still outstanding, in the ONLY order the
# cluster allows. Written 2026-08-01 on the shared build cluster, attendee slot **user2**.
#
# READ THIS BEFORE RUNNING IT.
#
# 1. The whole file is blocked on ONE human OAuth login. Measured 2026-08-01: the cached console
#    session in tools/media/shot-profile.session.json answers HTTP 401 to
#    /api/kubernetes/apis/user.openshift.io/v1/users/~ (i.e. it is dead), the cockpit at
#    showroom-user2 is password-free but its "OCP Console" tab is an EXTERNAL link — the console
#    lives on its own subdomain, does not share the cockpit's session, and its iframe is refused by
#    X-Frame-Options — and injecting an API token as a session cookie does not work (capture.py's
#    own header records that measurement). So: `--login https://console-openshift-console.$OGSR_DOMAIN`,
#    a human completes the hop in the window that opens, and every job below then runs unattended.
#
# 2. The order is load-bearing twice. `config-multienv` photographs ONE namespace at FIVE moments of
#    the same lab, so its jobs must run top to bottom — `stage-config-multienv.sh` advances the lab
#    one phase per job and cannot go backwards. And `storage-stateful` is LAST because
#    `ws start storage-stateful` purges {user}-dev and evicts config-multienv (both directions are
#    declared in gitops/entry-states/*/ws-meta.yaml). Nothing above it survives it.
#
# 3. Slots: everything here is user2, which was this capture lane's assigned slot (other lanes held
#    user4, user7, user8 — do not repoint this file at them without checking). One consequence worth
#    a decision rather than a surprise: `pipelines-fundamentals`'s four EXISTING screenshots are all
#    user1, so a user2 re-capture of its fifth will show `user2-cicd` beside four `user1-cicd`
#    frames. If user1 is free when you run this, repointing that one job keeps the set consistent.
#    `config-multienv` and `jobs-batch-kueue` have no existing shots, so their slot is free choice.
#
# 4. `pipelines-fundamentals-01` is the only `reshoot: true` in the file. Its manifest row says
#    ❌ RE-CAPTURE: the committed file was shot before the Tekton console plugin mounted, so the
#    five-Task graph its caption promises is entirely missing. The plugin IS mounted on this cluster
#    (`oc get consoles.operator.openshift.io cluster -o jsonpath='{.spec.plugins}'` lists
#    pipelines-console-plugin), so the graph will render. Take the flag back off once the good shot
#    is on disk.

jobs:

  # ============================================================================================
  # M04 config-multienv — five rows, five moments of one lab, in sequence. See the header.
  # ============================================================================================

  # ---- ex.1: the deliberate break. Staged and VERIFIED live 2026-08-01 as user2: the phase waits
  # for a real CrashLoopBackOff waiting-reason before returning, so the badge the caption promises
  # cannot be missing from the state (it can still be off-screen — hence require_in_frame).
  - slug: config-multienv
    filename: config-multienv-01-crashloop-pod.png
    pre_sh: ./tools/media/stage-config-multienv.sh user2 break
    pre_wait_s: 15
    # The pod name is generated, and it is the NEWEST pod that is broken (the old healthy one keeps
    # serving — that is the lab's whole point), so it has to be resolved after staging.
    url_sh: >-
      echo "https://console-openshift-console.{domain}/k8s/ns/user2-dev/pods/$(oc get pods -n user2-dev
      -l app=parasol-claims --sort-by=.metadata.creationTimestamp
      -o jsonpath='{.items[-1:].metadata.name}')/logs"
    wait_all_text: ["CrashLoopBackOff", "UnknownHostException"]
    forbid_text: ["Access restricted", "Log in with", "not found"]
    require_in_frame: ["UnknownHostException"]
    settle_ms: 6000

  # ---- ex.2: config externalised. ConfigMap Data, plaintext keys — the honest contrast partner of
  # the Secret shot below.
  - slug: config-multienv
    filename: config-multienv-02-configmap-secret.png
    pre_sh: ./tools/media/stage-config-multienv.sh user2 configured
    pre_wait_s: 10
    url: https://console-openshift-console.{domain}/k8s/ns/user2-dev/configmaps/claims-config
    wait_all_text: ["claims-config", "APP_ENV", "POSTGRESQL_HOST", "QUARKUS_LOG_LEVEL"]
    forbid_text: ["Access restricted", "Log in with", "not found"]
    require_in_frame: ["APP_ENV", "POSTGRESQL_HOST"]
    settle_ms: 4000

  # ---- ex.3: the Secret, MASKED. docs/media-capture-conventions.md rule 1: "Reveal values" must
  # stay OFF, so this job clicks nothing. The detail page renders values hidden by default, which is
  # exactly the picture the lab wants — key names visible, value not. The credential is in any case
  # the lab's fabricated teaching value (POSTGRESQL_PASSWORD=parasol), not a real one.
  # This file is an ADDITION to the manifest: row 2 asked for one image of two objects, which no
  # single console page shows.
  - slug: config-multienv
    filename: config-multienv-06-secret-masked.png
    url: https://console-openshift-console.{domain}/k8s/ns/user2-dev/secrets/claims-creds
    wait_all_text: ["claims-creds", "POSTGRESQL_PASSWORD", "Reveal values"]
    forbid_text: ["Access restricted", "Log in with", "not found"]
    require_in_frame: ["POSTGRESQL_PASSWORD", "Reveal values"]
    settle_ms: 4000

  # ---- ex.4: the readiness gate holding traffic. The CLUSTER state is proven — the staging phase
  # refuses to hand over unless `curl` really returns 503 — but the PAGE is a judgement call I could
  # not test without a session, and it is the weakest job in this file. Read this before shooting:
  #
  #   · The Service detail page below shows *Pod selector*, and the pods still MATCH the selector
  #     while unready, so this page may well render as if all is well. If what you see does not show
  #     the gate, do NOT commit it — that is the "valid PNG of the wrong thing" failure this whole
  #     harness exists to prevent.
  #   · Fallbacks, in order, for whoever has the window open:
  #       /k8s/ns/user2-dev/core~v1~Endpoints/parasol-claims        (the object the lab prints)
  #       /k8s/ns/user2-dev/discovery.k8s.io~v1~EndpointSlice       (ready=false on the endpoint)
  #       /k8s/ns/user2-dev/pods  filtered to parasol-claims        (READY 0/1, the honest signal)
  #     Whichever one actually shows "nothing is serving", repoint this job at it and say so here.
  #   · A browser shot of the router's generic "Application is not available" page was considered
  #     and rejected: the lab already prints `Route: 503` from curl, and the error page adds nothing.
  - slug: config-multienv
    filename: config-multienv-03-readiness-503.png
    pre_sh: ./tools/media/stage-config-multienv.sh user2 readiness-broken
    pre_wait_s: 10
    url: https://console-openshift-console.{domain}/k8s/ns/user2-dev/services/parasol-claims
    wait_all_text: ["parasol-claims", "Pod selector"]
    forbid_text: ["Access restricted", "Log in with", "not found"]
    require_in_frame: ["Pod selector"]
    settle_ms: 4000

  # ---- ex.5: the quota refusal. The ReplicaFailure condition sits at the BOTTOM of the Deployment
  # details page, well below a 1000px fold — hence the taller viewport AND the scroll. Do not
  # "fix" a require_in_frame failure here by deleting the assertion; the whole subject is that
  # message.
  - slug: config-multienv
    filename: config-multienv-04-quota-replicafailure.png
    pre_sh: ./tools/media/stage-config-multienv.sh user2 quota
    pre_wait_s: 10
    url: https://console-openshift-console.{domain}/k8s/ns/user2-dev/deployments/claims-hog
    wait_all_text: ["claims-hog", "ReplicaFailure", "exceeded quota"]
    forbid_text: ["Access restricted", "Log in with"]
    scroll_to_text: "ReplicaFailure"
    require_in_frame: ["exceeded quota"]
    viewport: { width: 1600, height: 1400 }
    settle_ms: 4000

  # ---- ex.6: three environments side by side.
  - slug: config-multienv
    filename: config-multienv-05-three-envs.png
    parked: >-
      COMPOSITE, not a screenshot. The manifest row itself says so: three separate Topology captures
      (user2-dev 1 pod / user2-stage 2 / user2-prod 3) assembled side by side by hand. capture.py
      writes one frame per job and has no compositing step, and one console page cannot show three
      namespaces. Staging IS solved — `stage-config-multienv.sh user2 promote` reaches the state —
      so this needs a person to take three shots and join them, or the row rewritten as three files.

  # ============================================================================================
  # M06 jobs-batch-kueue — {user}-batch, independent of everything above.
  # ============================================================================================

  # Staging PROVEN live as user2 on the build cluster, 2026-08-01: `queued` settled at exactly 2 admitted
  # of 5 Workloads, `preempted` produced Evicted=True(Preempted) / Admitted=False(NoReservation) /
  # Preempted=True(InClusterQueue) / Requeued=True(Preempted) — the lab's expected output verbatim.
  #
  # The API version in these URLs is **v1beta2**, checked, not assumed: this operator serves v1beta1
  # AND v1beta2 and v1beta2 is the storage version (`oc get crd workloads.kueue.x-k8s.io`). The
  # module's own manifest still says v1beta1 in prose.
  - slug: jobs-batch-kueue
    filename: jobs-batch-kueue-01-workloads-admitted.png
    pre_sh: ./tools/media/stage-jobs-batch-kueue.sh user2 queued
    pre_wait_s: 5
    url: https://console-openshift-console.{domain}/k8s/ns/user2-batch/kueue.x-k8s.io~v1beta2~Workload
    # RISK, stated so a failure is read correctly: this is a generic custom-resource LIST page. The
    # Workload CRD does define additionalPrinterColumns (Queue / Reserved in / Admitted / Finished /
    # Age), but whether THIS console build renders them for a CR list is unverified — and without
    # them the page is six names and nothing else, which teaches nothing. `require_in_frame:
    # ["Admitted"]` is deliberately the caption's own word: if the column is not rendered the job
    # FAILS instead of committing a picture of a flat list. If it fails that way, the row's premise
    # is wrong (a content finding), and the honest replacement is the Workload DETAIL page, as in 02.
    wait_all_text: ["batch-low-1", "batch-low-5"]
    forbid_text: ["Access restricted", "Log in with", "not found"]
    require_in_frame: ["Admitted"]
    settle_ms: 5000

  - slug: jobs-batch-kueue
    filename: jobs-batch-kueue-02-preempted-conditions.png
    pre_sh: ./tools/media/stage-jobs-batch-kueue.sh user2 preempted
    pre_wait_s: 5
    # The victim is whichever low Workload Kueue chose to evict — resolved, never guessed.
    url_sh: >-
      echo "https://console-openshift-console.{domain}/k8s/ns/user2-batch/kueue.x-k8s.io~v1beta2~Workload/$(oc
      -n user2-batch get workloads -o jsonpath='{range .items[*]}{.metadata.name}{" "}{.status.conditions[?(@.type=="Preempted")].status}{"\n"}{end}'
      | awk '$2=="True"{print $1}' | head -1)"
    wait_all_text: ["Preempted", "Requeued", "Evicted"]
    forbid_text: ["Access restricted", "Log in with", "not found"]
    scroll_to_text: "Preempted"
    require_in_frame: ["Preempted", "Requeued"]
    viewport: { width: 1600, height: 1400 }
    settle_ms: 5000

  # ============================================================================================
  # M07 pipelines-fundamentals
  # ============================================================================================

  # The staging script REUSES a green run if one is already in the namespace and only rebuilds when
  # there is none — `ws solve` here is ~9 min warm and ~13 cold, and a human's login window is the
  # scarce resource. A run was pre-built as user2 on 2026-08-01 for exactly that reason.
  # `tekton.dev~v1` is checked, not assumed: v1beta1 and v1 are both served, v1 is the storage
  # version (`oc get crd pipelineruns.tekton.dev`).
  - slug: pipelines-fundamentals
    filename: pipelines-fundamentals-01-pipelinerun-graph.png
    reshoot: true   # manifest row says ❌ RE-CAPTURE — shot predates the Tekton console plugin
    pre_sh: ./tools/media/stage-pipelines-fundamentals.sh user2
    pre_wait_s: 20
    # Resolve the newest run whose Succeeded condition is TRUE. "Newest run" alone is not the same
    # claim — a failed or still-running one is the wrong picture and url_sh cannot tell them apart.
    url_sh: >-
      echo "https://console-openshift-console.{domain}/k8s/ns/user2-cicd/tekton.dev~v1~PipelineRun/$(oc
      -n user2-cicd get pipelinerun
      -o jsonpath='{range .items[*]}{.metadata.name}{" "}{.status.conditions[?(@.type=="Succeeded")].status}{"\n"}{end}'
      | awk '$2=="True"{print $1}' | tail -1)"
    # Name the five Tasks, not just the run: a PipelineRun page WITHOUT the plugin still renders the
    # run's name and its Details/YAML tabs, which is precisely how the pulled shot passed review.
    wait_all_text: ["fetch-source", "unit-test", "build-image", "image-report", "deploy"]
    forbid_text: ["Access restricted", "Log in with"]
    require_in_frame: ["fetch-source", "deploy"]
    settle_ms: 8000

  - slug: pipelines-fundamentals
    filename: pipelines-fundamentals-02-gitea-webhook.png
    parked: >-
      Gitea's Add Webhook form, FILLED. Two blockers, either one fatal: the form has no addressable
      pre-filled state (a person types into it), and Gitea keeps its own local login which the
      console session does not carry — and typing a login password is not something this capture
      path can do. Unchanged from RUNBOOK.md's not-capturable table. The lab's fields are spelled out
      in prose, which is what an attendee actually follows.

  # ============================================================================================
  # M05 storage-stateful — LAST. `ws start storage-stateful` PURGES user2-dev and evicts
  # config-multienv. Nothing above this line can be re-run afterwards without re-staging.
  # ============================================================================================

  - slug: storage-stateful
    filename: storage-stateful-01-pvc-bound.png
    pre_sh: >-
      ./tools/ws/ws start storage-stateful --user user2 &&
      ./tools/ws/ws solve storage-stateful --user user2
    pre_wait_s: 30
    url: https://console-openshift-console.{domain}/k8s/ns/user2-dev/persistentvolumeclaims/claims-db-data
    # "Bound" is the state; the name alone passes on a Pending PVC, which is the wrong picture and
    # the one the lab explicitly contrasts against (WaitForFirstConsumer means it IS Pending until a
    # pod claims it). The PVC exists only in the solve end state — it is gated behind `.Values.solve`
    # in gitops/entry-states/storage-stateful/templates/claims-db.yaml — hence the `ws solve` above.
    # "Pending" is deliberately NOT in forbid_text: it can appear in an unrelated event row on a
    # perfectly Bound PVC, and a false failure costs a login window. require_in_frame proves the state.
    wait_all_text: ["claims-db-data", "Bound"]
    forbid_text: ["Access restricted", "Log in with", "not found"]
    require_in_frame: ["Bound"]
    settle_ms: 4000

  # ============================================================================================
  # Ruled out entirely — kept here so the reason sits next to the row rather than in a report.
  # ============================================================================================

  - slug: platform-orientation
    filename: platform-orientation-02-deploy-image-dialog.png
    parked: >-
      The Deploy Image form, FILLED and green-Validated. `capture.py` has no generic form-fill — only
      `filter_text`, which types into a list's filter box — so reaching this state means a human
      typing the registry reference into /deploy-image?ns={user}-dev and waiting for the validation
      tick. The file already on disk is NOT usable and is not embedded: read 2026-08-01, it shows
      user5/user5-dev, the pre-`ogsr-` registry path `…/parasol-images/parasol-web:1.0` (lab.adoc
      says `ogsr-parasol-images`), and it is cropped just below *Application name*, so *Resource
      type* — the field the step warns about — is off-frame. Whoever re-shoots it: set the shot up
      so Resource type = Deployment is visible.

  - slug: build-deliver
    filename: build-deliver-03-buildconfig-to-imagestream.png
    parked: >-
      Wants a completed Build plus the S2I ImageStream tag. No materialisable state has one: the
      entry state is an empty dev namespace by design and `ws solve build-deliver` deploys a PREBUILT
      image, so no BuildConfig exists unless a human performs exercise 1's import by hand. It also
      has no `// media-pass:` embed point in lab.adoc, so its absence breaks nothing. Unchanged from
      RUNBOOK.md.

  - slug: devspaces-inner-loop
    filename: devspaces-inner-loop-02-debug-5005.png
    parked: >-
      A che-code IDE paused on a breakpoint. Needs a running DevWorkspace, two extensions installed
      into it by hand, and a debug session driven through the browser IDE — and Dev Spaces sits
      behind its own OAuth hop. Not a URL-addressable state. The lab already ships a `jdb` terminal
      fallback that always works, and its embed comment is deliberately left in lab.adoc.

  - slug: devspaces-inner-loop
    filename: devspaces-inner-loop-03-devfile-endpoints.png
    parked: >-
      The Endpoints view inside a running workspace after the devfile restart. Same blocker as 02
      (live workspace + IDE), and it has no embed point in lab.adoc — exercise 4's verification is
      the PONG from the devfile task, not a screenshot. Enrichment only.
